
Microsoft Visual Studio Solution File, Format Version 12.00
# Visual Studio Version 16
VisualStudioVersion = 16.0.28729.10
MinimumVisualStudioVersion = 10.0.40219.1
Project("{9A19103F-16F7-4668-BE54-9A1E7A4F7556}") = "WebAPI", "Backend\WebAPI\WebAPI.csproj", "{FE588B80-CFE5-4E04-A9C5-47452F451506}"
EndProject
Project("{2150E333-8FDC-42A3-9474-1A3956D46DE8}") = "1- Presentation", "1- Presentation", "{CDDA976C-01EA-4A33-A1CD-8B01005FF58C}"
EndProject
Project("{2150E333-8FDC-42A3-9474-1A3956D46DE8}") = "2- Application", "2- Application", "{2A667F75-0CA7-4859-A96A-9224DF1FA070}"
EndProject
Project("{9A19103F-16F7-4668-BE54-9A1E7A4F7556}") = "Application.Services", "Backend\Application.Services\Application.Services.csproj", "{A81F95DD-611B-4EF7-BB1A-627F7082055A}"
EndProject
Project("{9A19103F-16F7-4668-BE54-9A1E7A4F7556}") = "Application.DTO", "Backend\Application.DTO\Application.DTO.csproj", "{4E9BAC5F-F8B3-41AA-BEBC-70259018EA71}"
EndProject
Project("{2150E333-8FDC-42A3-9474-1A3956D46DE8}") = "3- Domain", "3- Domain", "{C9F570E0-EF6A-467B-9689-7088BD7A511B}"
EndProject
Project("{2150E333-8FDC-42A3-9474-1A3956D46DE8}") = "4 - Infrastructure", "4 - Infrastructure", "{FFC48FA6-67CA-4D21-9A0A-6E55CA41B995}"
EndProject
Project("{9A19103F-16F7-4668-BE54-9A1E7A4F7556}") = "Application.Abstraction", "Backend\Application.Abstraction\Application.Abstraction.csproj", "{6B641253-200C-4897-83D6-5D0F1C6250F6}"
EndProject
Project("{9A19103F-16F7-4668-BE54-9A1E7A4F7556}") = "Domain.CQ", "Backend\Domain.CQ\Domain.CQ.csproj", "{6A73C6A9-2B6A-4994-8B44-F2D7337B69A3}"
EndProject
Project("{9A19103F-16F7-4668-BE54-9A1E7A4F7556}") = "Domain.Model", "Backend\Domain.Model\Domain.Model.csproj", "{8F5A95C7-DF68-4712-9E75-BDE85D126220}"
EndProject
Project("{9A19103F-16F7-4668-BE54-9A1E7A4F7556}") = "Infrastructure.Data", "Backend\Infrastructure.Data\Infrastructure.Data.csproj", "{553A48C9-ACC5-4279-8A6A-EE6DA75C1256}"
EndProject
Project("{9A19103F-16F7-4668-BE54-9A1E7A4F7556}") = "Application.Adapters", "Backend\Application.Adapters\Application.Adapters.csproj", "{78F07EA5-C261-4385-8567-869D76166DCB}"
EndProject
Project("{2150E333-8FDC-42A3-9474-1A3956D46DE8}") = "5-Test", "5-Test", "{0A012306-FD54-44CF-8200-3DD16AAAF557}"
EndProject
Project("{FAE04EC0-301F-11D3-BF4B-00C04F79EFBC}") = "IntegrationTest", "Backend\Test\IntegrationTest\IntegrationTest.csproj", "{E2C7BF17-BAC3-492B-88A7-D6FE54ADF778}"
EndProject
Global
	GlobalSection(SolutionConfigurationPlatforms) = preSolution
		Debug|Any CPU = Debug|Any CPU
		Release|Any CPU = Release|Any CPU
	EndGlobalSection
	GlobalSection(ProjectConfigurationPlatforms) = postSolution
		{FE588B80-CFE5-4E04-A9C5-47452F451506}.Debug|Any CPU.ActiveCfg = Debug|Any CPU
		{FE588B80-CFE5-4E04-A9C5-47452F451506}.Debug|Any CPU.Build.0 = Debug|Any CPU
		{FE588B80-CFE5-4E04-A9C5-47452F451506}.Release|Any CPU.ActiveCfg = Release|Any CPU
		{FE588B80-CFE5-4E04-A9C5-47452F451506}.Release|Any CPU.Build.0 = Release|Any CPU
		{A81F95DD-611B-4EF7-BB1A-627F7082055A}.Debug|Any CPU.ActiveCfg = Debug|Any CPU
		{A81F95DD-611B-4EF7-BB1A-627F7082055A}.Debug|Any CPU.Build.0 = Debug|Any CPU
		{A81F95DD-611B-4EF7-BB1A-627F7082055A}.Release|Any CPU.ActiveCfg = Release|Any CPU
		{A81F95DD-611B-4EF7-BB1A-627F7082055A}.Release|Any CPU.Build.0 = Release|Any CPU
		{4E9BAC5F-F8B3-41AA-BEBC-70259018EA71}.Debug|Any CPU.ActiveCfg = Debug|Any CPU
		{4E9BAC5F-F8B3-41AA-BEBC-70259018EA71}.Debug|Any CPU.Build.0 = Debug|Any CPU
		{4E9BAC5F-F8B3-41AA-BEBC-70259018EA71}.Release|Any CPU.ActiveCfg = Release|Any CPU
		{4E9BAC5F-F8B3-41AA-BEBC-70259018EA71}.Release|Any CPU.Build.0 = Release|Any CPU
		{6B641253-200C-4897-83D6-5D0F1C6250F6}.Debug|Any CPU.ActiveCfg = Debug|Any CPU
		{6B641253-200C-4897-83D6-5D0F1C6250F6}.Debug|Any CPU.Build.0 = Debug|Any CPU
		{6B641253-200C-4897-83D6-5D0F1C6250F6}.Release|Any CPU.ActiveCfg = Release|Any CPU
		{6B641253-200C-4897-83D6-5D0F1C6250F6}.Release|Any CPU.Build.0 = Release|Any CPU
		{6A73C6A9-2B6A-4994-8B44-F2D7337B69A3}.Debug|Any CPU.ActiveCfg = Debug|Any CPU
		{6A73C6A9-2B6A-4994-8B44-F2D7337B69A3}.Debug|Any CPU.Build.0 = Debug|Any CPU
		{6A73C6A9-2B6A-4994-8B44-F2D7337B69A3}.Release|Any CPU.ActiveCfg = Release|Any CPU
		{6A73C6A9-2B6A-4994-8B44-F2D7337B69A3}.Release|Any CPU.Build.0 = Release|Any CPU
		{8F5A95C7-DF68-4712-9E75-BDE85D126220}.Debug|Any CPU.ActiveCfg = Debug|Any CPU
		{8F5A95C7-DF68-4712-9E75-BDE85D126220}.Debug|Any CPU.Build.0 = Debug|Any CPU
		{8F5A95C7-DF68-4712-9E75-BDE85D126220}.Release|Any CPU.ActiveCfg = Release|Any CPU
		{8F5A95C7-DF68-4712-9E75-BDE85D126220}.Release|Any CPU.Build.0 = Release|Any CPU
		{553A48C9-ACC5-4279-8A6A-EE6DA75C1256}.Debug|Any CPU.ActiveCfg = Debug|Any CPU
		{553A48C9-ACC5-4279-8A6A-EE6DA75C1256}.Debug|Any CPU.Build.0 = Debug|Any CPU
		{553A48C9-ACC5-4279-8A6A-EE6DA75C1256}.Release|Any CPU.ActiveCfg = Release|Any CPU
		{553A48C9-ACC5-4279-8A6A-EE6DA75C1256}.Release|Any CPU.Build.0 = Release|Any CPU
		{78F07EA5-C261-4385-8567-869D76166DCB}.Debug|Any CPU.ActiveCfg = Debug|Any CPU
		{78F07EA5-C261-4385-8567-869D76166DCB}.Debug|Any CPU.Build.0 = Debug|Any CPU
		{78F07EA5-C261-4385-8567-869D76166DCB}.Release|Any CPU.ActiveCfg = Release|Any CPU
		{78F07EA5-C261-4385-8567-869D76166DCB}.Release|Any CPU.Build.0 = Release|Any CPU
		{E2C7BF17-BAC3-492B-88A7-D6FE54ADF778}.Debug|Any CPU.ActiveCfg = Debug|Any CPU
		{E2C7BF17-BAC3-492B-88A7-D6FE54ADF778}.Debug|Any CPU.Build.0 = Debug|Any CPU
		{E2C7BF17-BAC3-492B-88A7-D6FE54ADF778}.Release|Any CPU.ActiveCfg = Release|Any CPU
		{E2C7BF17-BAC3-492B-88A7-D6FE54ADF778}.Release|Any CPU.Build.0 = Release|Any CPU
	EndGlobalSection
	GlobalSection(SolutionProperties) = preSolution
		HideSolutionNode = FALSE
	EndGlobalSection
	GlobalSection(NestedProjects) = preSolution
		{FE588B80-CFE5-4E04-A9C5-47452F451506} = {CDDA976C-01EA-4A33-A1CD-8B01005FF58C}
		{A81F95DD-611B-4EF7-BB1A-627F7082055A} = {2A667F75-0CA7-4859-A96A-9224DF1FA070}
		{4E9BAC5F-F8B3-41AA-BEBC-70259018EA71} = {2A667F75-0CA7-4859-A96A-9224DF1FA070}
		{6B641253-200C-4897-83D6-5D0F1C6250F6} = {2A667F75-0CA7-4859-A96A-9224DF1FA070}
		{6A73C6A9-2B6A-4994-8B44-F2D7337B69A3} = {C9F570E0-EF6A-467B-9689-7088BD7A511B}
		{8F5A95C7-DF68-4712-9E75-BDE85D126220} = {C9F570E0-EF6A-467B-9689-7088BD7A511B}
		{553A48C9-ACC5-4279-8A6A-EE6DA75C1256} = {FFC48FA6-67CA-4D21-9A0A-6E55CA41B995}
		{78F07EA5-C261-4385-8567-869D76166DCB} = {2A667F75-0CA7-4859-A96A-9224DF1FA070}
		{E2C7BF17-BAC3-492B-88A7-D6FE54ADF778} = {0A012306-FD54-44CF-8200-3DD16AAAF557}
	EndGlobalSection
	GlobalSection(ExtensibilityGlobals) = postSolution
		SolutionGuid = {5D14F494-E4E2-48EE-89A9-1B73761D52B4}
	EndGlobalSection
EndGlobal
